{
  "name": "TFG",
  "lockfileVersion": 3,
  "requires": true,
  "packages": {
    "": {
      "dependencies": {
        "opencage-api-client": "^2.1.0"
      }
    },
    "node_modules/opencage-api-client": {
      "version": "2.1.0",
      "resolved": "https://registry.npmjs.org/opencage-api-client/-/opencage-api-client-2.1.0.tgz",
      "integrity": "sha512-YeYuAZeaOtzMeiHHdBztSvKdANmJ9d6ZNfGF3H6WAPl+XlIM0ck0rWzkDMFmHjtyKXTrK2vokcfh5hiQzDZNDQ==",
      "license": "MIT"
    }
  }
}
